
Microsoft Visual Studio Solution File, Format Version 12.00
# Visual Studio 15
VisualStudioVersion = 15.0.28010.2036
MinimumVisualStudioVersion = 10.0.40219.1
Project("{9A19103F-16F7-4668-BE54-9A1E7A4F7556}") = "NetCore22.GRpcService.Protocol", "NetCore22.GRpcService.Protocol\NetCore22.GRpcService.Protocol.csproj", "{D99404C2-5323-4AF3-9473-8F09741A8F68}"
EndProject
Project("{FAE04EC0-301F-11D3-BF4B-00C04F79EFBC}") = "NetCore22.GRpcService.InstallGRpc", "NetCore22.GRpcService.InstallGRpc\NetCore22.GRpcService.InstallGRpc.csproj", "{294C915F-2CEB-47B4-8638-E5B82B71FB6F}"
EndProject
Project("{FAE04EC0-301F-11D3-BF4B-00C04F79EFBC}") = "NetFramework.GRpcService.InstallgRPC", "NetFramework.GRpcService.InstallgRPC\NetFramework.GRpcService.InstallgRPC.csproj", "{5174B89D-186E-4991-A40A-FA0DC5E26F54}"
EndProject
Project("{FAE04EC0-301F-11D3-BF4B-00C04F79EFBC}") = "NetCore22.GRpcService.Impl", "NetCore22.GRpcService.Impl\NetCore22.GRpcService.Impl.csproj", "{58B56715-D064-445A-B36D-8AEFEFBEE5F1}"
EndProject
Project("{FAE04EC0-301F-11D3-BF4B-00C04F79EFBC}") = "NetCore22.GRpcService.HostingServer", "NetCore22.GRpcService.HostingServer\NetCore22.GRpcService.HostingServer.csproj", "{1E351518-012E-42C0-B10B-9C4EF2451DB7}"
EndProject
Project("{FAE04EC0-301F-11D3-BF4B-00C04F79EFBC}") = "NetCore22.GRpcService.gRpcClient", "NetCore22.GRpcService.gRpcClient\NetCore22.GRpcService.gRpcClient.csproj", "{BFED1F3C-A196-4263-850C-0BF09E1CCE52}"
EndProject
Global
	GlobalSection(SolutionConfigurationPlatforms) = preSolution
		Debug|Any CPU = Debug|Any CPU
		Release|Any CPU = Release|Any CPU
	EndGlobalSection
	GlobalSection(ProjectConfigurationPlatforms) = postSolution
		{D99404C2-5323-4AF3-9473-8F09741A8F68}.Debug|Any CPU.ActiveCfg = Debug|Any CPU
		{D99404C2-5323-4AF3-9473-8F09741A8F68}.Debug|Any CPU.Build.0 = Debug|Any CPU
		{D99404C2-5323-4AF3-9473-8F09741A8F68}.Release|Any CPU.ActiveCfg = Release|Any CPU
		{D99404C2-5323-4AF3-9473-8F09741A8F68}.Release|Any CPU.Build.0 = Release|Any CPU
		{294C915F-2CEB-47B4-8638-E5B82B71FB6F}.Debug|Any CPU.ActiveCfg = Debug|Any CPU
		{294C915F-2CEB-47B4-8638-E5B82B71FB6F}.Debug|Any CPU.Build.0 = Debug|Any CPU
		{294C915F-2CEB-47B4-8638-E5B82B71FB6F}.Release|Any CPU.ActiveCfg = Release|Any CPU
		{294C915F-2CEB-47B4-8638-E5B82B71FB6F}.Release|Any CPU.Build.0 = Release|Any CPU
		{5174B89D-186E-4991-A40A-FA0DC5E26F54}.Debug|Any CPU.ActiveCfg = Debug|Any CPU
		{5174B89D-186E-4991-A40A-FA0DC5E26F54}.Debug|Any CPU.Build.0 = Debug|Any CPU
		{5174B89D-186E-4991-A40A-FA0DC5E26F54}.Release|Any CPU.ActiveCfg = Release|Any CPU
		{5174B89D-186E-4991-A40A-FA0DC5E26F54}.Release|Any CPU.Build.0 = Release|Any CPU
		{58B56715-D064-445A-B36D-8AEFEFBEE5F1}.Debug|Any CPU.ActiveCfg = Debug|Any CPU
		{58B56715-D064-445A-B36D-8AEFEFBEE5F1}.Debug|Any CPU.Build.0 = Debug|Any CPU
		{58B56715-D064-445A-B36D-8AEFEFBEE5F1}.Release|Any CPU.ActiveCfg = Release|Any CPU
		{58B56715-D064-445A-B36D-8AEFEFBEE5F1}.Release|Any CPU.Build.0 = Release|Any CPU
		{1E351518-012E-42C0-B10B-9C4EF2451DB7}.Debug|Any CPU.ActiveCfg = Debug|Any CPU
		{1E351518-012E-42C0-B10B-9C4EF2451DB7}.Debug|Any CPU.Build.0 = Debug|Any CPU
		{1E351518-012E-42C0-B10B-9C4EF2451DB7}.Release|Any CPU.ActiveCfg = Release|Any CPU
		{1E351518-012E-42C0-B10B-9C4EF2451DB7}.Release|Any CPU.Build.0 = Release|Any CPU
		{BFED1F3C-A196-4263-850C-0BF09E1CCE52}.Debug|Any CPU.ActiveCfg = Debug|Any CPU
		{BFED1F3C-A196-4263-850C-0BF09E1CCE52}.Debug|Any CPU.Build.0 = Debug|Any CPU
		{BFED1F3C-A196-4263-850C-0BF09E1CCE52}.Release|Any CPU.ActiveCfg = Release|Any CPU
		{BFED1F3C-A196-4263-850C-0BF09E1CCE52}.Release|Any CPU.Build.0 = Release|Any CPU
	EndGlobalSection
	GlobalSection(SolutionProperties) = preSolution
		HideSolutionNode = FALSE
	EndGlobalSection
	GlobalSection(ExtensibilityGlobals) = postSolution
		SolutionGuid = {0C434FFB-58B3-486D-87AF-EC0A43FF8F18}
	EndGlobalSection
EndGlobal
